{
  "name": "fast-ipc",
  "version": "1.0.0",
  "lockfileVersion": 1,
  "requires": true,
  "dependencies": {
    "@types/node": {
      "version": "12.12.21",
      "resolved": "https://registry.npmjs.org/@types/node/-/node-12.12.21.tgz",
      "integrity": "sha512-8sRGhbpU+ck1n0PGAUgVrWrWdjSW2aqNeyC15W88GRsMpSwzv6RJGlLhE7s2RhVSOdyDmxbqlWSeThq4/7xqlA==",
      "dev": true
    },
    "fast-safe-stringify": {
      "version": "2.0.7",
      "resolved": "https://registry.npmjs.org/fast-safe-stringify/-/fast-safe-stringify-2.0.7.tgz",
      "integrity": "sha512-Utm6CdzT+6xsDk2m8S6uL8VHxNwI6Jub+e9NYTcAms28T84pTa25GJQV9j0CY0N1rM8hK4x6grpF2BQf+2qwVA=="
    },
    "fast-unique-id": {
      "version": "1.0.6",
      "resolved": "https://registry.npmjs.org/fast-unique-id/-/fast-unique-id-1.0.6.tgz",
      "integrity": "sha512-0rz5CpxUn21XRhOQUSJMO94+mrdc9u1EDslIvB9Xim/PnRmvariz5VnEnavmuPvedNxlO+NtYPcwtz04mCFOvQ=="
    }
  }
}
